
Microsoft Visual Studio Solution File, Format Version 12.00
# Visual Studio 15
VisualStudioVersion = 15.0.28307.645
MinimumVisualStudioVersion = 10.0.40219.1
Project("{FAE04EC0-301F-11D3-BF4B-00C04F79EFBC}") = "tpzslaba9(5)", "tpzslaba9(5)\tpzslaba9(5).csproj", "{58889A2A-B835-43B8-84C8-76C3399DD41D}"
EndProject
Global
	GlobalSection(SolutionConfigurationPlatforms) = preSolution
		Debug|Any CPU = Debug|Any CPU
		Release|Any CPU = Release|Any CPU
	EndGlobalSection
	GlobalSection(ProjectConfigurationPlatforms) = postSolution
		{58889A2A-B835-43B8-84C8-76C3399DD41D}.Debug|Any CPU.ActiveCfg = Debug|Any CPU
		{58889A2A-B835-43B8-84C8-76C3399DD41D}.Debug|Any CPU.Build.0 = Debug|Any CPU
		{58889A2A-B835-43B8-84C8-76C3399DD41D}.Release|Any CPU.ActiveCfg = Release|Any CPU
		{58889A2A-B835-43B8-84C8-76C3399DD41D}.Release|Any CPU.Build.0 = Release|Any CPU
	EndGlobalSection
	GlobalSection(SolutionProperties) = preSolution
		HideSolutionNode = FALSE
	EndGlobalSection
	GlobalSection(ExtensibilityGlobals) = postSolution
		SolutionGuid = {A168ACF3-4C50-49EB-965F-E7810A513541}
	EndGlobalSection
EndGlobal
